
Microsoft Visual Studio Solution File, Format Version 12.00
# Visual Studio 15
Project("{FAE04EC0-301F-11D3-BF4B-00C04F79EFBC}") = "Assembly-CSharp", "Assembly-CSharp.csproj", "{BBAFB7A6-02F9-6DB8-0523-D951FD9BE8D5}"
EndProject
Global
	GlobalSection(SolutionConfigurationPlatforms) = preSolution
		Debug|Any CPU = Debug|Any CPU
		Release|Any CPU = Release|Any CPU
	EndGlobalSection
	GlobalSection(ProjectConfigurationPlatforms) = postSolution
		{BBAFB7A6-02F9-6DB8-0523-D951FD9BE8D5}.Debug|Any CPU.ActiveCfg = Debug|Any CPU
		{BBAFB7A6-02F9-6DB8-0523-D951FD9BE8D5}.Debug|Any CPU.Build.0 = Debug|Any CPU
		{BBAFB7A6-02F9-6DB8-0523-D951FD9BE8D5}.Release|Any CPU.ActiveCfg = Release|Any CPU
		{BBAFB7A6-02F9-6DB8-0523-D951FD9BE8D5}.Release|Any CPU.Build.0 = Release|Any CPU
	EndGlobalSection
	GlobalSection(SolutionProperties) = preSolution
		HideSolutionNode = FALSE
	EndGlobalSection
EndGlobal
